// !$*UTF8*$!
{
	archiveVersion = 1;
	classes = {
	};
	objectVersion = 48;
	objects = {

/* Begin PBXBuildFile section */
		1830DF0A20961C1600CEDB62 /* AppDelegate.swift in Sources */ = {isa = PBXBuildFile; fileRef = 1830DF0920961C1600CEDB62 /* AppDelegate.swift */; };
		1830DF0C20961C1600CEDB62 /* ViewController.swift in Sources */ = {isa = PBXBuildFile; fileRef = 1830DF0B20961C1600CEDB62 /* ViewController.swift */; };
		1830DF0F20961C1600CEDB62 /* Main.storyboard in Resources */ = {isa = PBXBuildFile; fileRef = 1830DF0D20961C1600CEDB62 /* Main.storyboard */; };
		1830DF1120961C1600CEDB62 /* Assets.xcassets in Resources */ = {isa = PBXBuildFile; fileRef = 1830DF1020961C1600CEDB62 /* Assets.xcassets */; };
		1830DF1420961C1600CEDB62 /* LaunchScreen.storyboard in Resources */ = {isa = PBXBuildFile; fileRef = 1830DF1220961C1600CEDB62 /* LaunchScreen.storyboard */; };
		1830DF1C209627C900CEDB62 /* ProductsScreen.swift in Sources */ = {isa = PBXBuildFile; fileRef = 1830DF1B209627C900CEDB62 /* ProductsScreen.swift */; };
		1830DF222096294300CEDB62 /* ProductsTable.swift in Sources */ = {isa = PBXBuildFile; fileRef = 1830DF212096294300CEDB62 /* ProductsTable.swift */; };
		1830DF242096295C00CEDB62 /* ProductCell.swift in Sources */ = {isa = PBXBuildFile; fileRef = 1830DF232096295C00CEDB62 /* ProductCell.swift */; };
		1830DF2620965BBF00CEDB62 /* AboutUsScreen.swift in Sources */ = {isa = PBXBuildFile; fileRef = 1830DF2520965BBF00CEDB62 /* AboutUsScreen.swift */; };
		9EC62A074ED4F5E706D38CC4 /* Pods_View_Pager.framework in Frameworks */ = {isa = PBXBuildFile; fileRef = FB7DBA454AD1B6B67550003D /* Pods_View_Pager.framework */; };
/* End PBXBuildFile section */

/* Begin PBXFileReference section */
		1830DF0620961C1600CEDB62 /* View Pager.app */ = {isa = PBXFileReference; explicitFileType = wrapper.application; includeInIndex = 0; path = "View Pager.app"; sourceTree = BUILT_PRODUCTS_DIR; };
		1830DF0920961C1600CEDB62 /* AppDelegate.swift */ = {isa = PBXFileReference; lastKnownFileType = sourcecode.swift; path = AppDelegate.swift; sourceTree = "<group>"; };
		1830DF0B20961C1600CEDB62 /* ViewController.swift */ = {isa = PBXFileReference; lastKnownFileType = sourcecode.swift; path = ViewController.swift; sourceTree = "<group>"; };
		1830DF0E20961C1600CEDB62 /* Base */ = {isa = PBXFileReference; lastKnownFileType = file.storyboard; name = Base; path = Base.lproj/Main.storyboard; sourceTree = "<group>"; };
		1830DF1020961C1600CEDB62 /* Assets.xcassets */ = {isa = PBXFileReference; lastKnownFileType = folder.assetcatalog; path = Assets.xcassets; sourceTree = "<group>"; };
		1830DF1320961C1600CEDB62 /* Base */ = {isa = PBXFileReference; lastKnownFileType = file.storyboard; name = Base; path = Base.lproj/LaunchScreen.storyboard; sourceTree = "<group>"; };
		1830DF1520961C1600CEDB62 /* Info.plist */ = {isa = PBXFileReference; lastKnownFileType = text.plist.xml; path = Info.plist; sourceTree = "<group>"; };
		1830DF1B209627C900CEDB62 /* ProductsScreen.swift */ = {isa = PBXFileReference; lastKnownFileType = sourcecode.swift; path = ProductsScreen.swift; sourceTree = "<group>"; };
		1830DF212096294300CEDB62 /* ProductsTable.swift */ = {isa = PBXFileReference; lastKnownFileType = sourcecode.swift; path = ProductsTable.swift; sourceTree = "<group>"; };
		1830DF232096295C00CEDB62 /* ProductCell.swift */ = {isa = PBXFileReference; lastKnownFileType = sourcecode.swift; path = ProductCell.swift; sourceTree = "<group>"; };
		1830DF2520965BBF00CEDB62 /* AboutUsScreen.swift */ = {isa = PBXFileReference; lastKnownFileType = sourcecode.swift; path = AboutUsScreen.swift; sourceTree = "<group>"; };
		74ADA60B0B2C45BA4BE28351 /* Pods-View Pager.debug.xcconfig */ = {isa = PBXFileReference; includeInIndex = 1; lastKnownFileType = text.xcconfig; name = "Pods-View Pager.debug.xcconfig"; path = "Pods/Target Support Files/Pods-View Pager/Pods-View Pager.debug.xcconfig"; sourceTree = "<group>"; };
		BD2FEF989ACCA895F406FA8B /* Pods-View Pager.release.xcconfig */ = {isa = PBXFileReference; includeInIndex = 1; lastKnownFileType = text.xcconfig; name = "Pods-View Pager.release.xcconfig"; path = "Pods/Target Support Files/Pods-View Pager/Pods-View Pager.release.xcconfig"; sourceTree = "<group>"; };
		FB7DBA454AD1B6B67550003D /* Pods_View_Pager.framework */ = {isa = PBXFileReference; explicitFileType = wrapper.framework; includeInIndex = 0; path = Pods_View_Pager.framework; sourceTree = BUILT_PRODUCTS_DIR; };
/* End PBXFileReference section */

/* Begin PBXFrameworksBuildPhase section */
		1830DF0320961C1600CEDB62 /* Frameworks */ = {
			isa = PBXFrameworksBuildPhase;
			buildActionMask = 2147483647;
			files = (
				9EC62A074ED4F5E706D38CC4 /* Pods_View_Pager.framework in Frameworks */,
			);
			runOnlyForDeploymentPostprocessing = 0;
		};
/* End PBXFrameworksBuildPhase section */

/* Begin PBXGroup section */
		1830DEFD20961C1600CEDB62 = {
			isa = PBXGroup;
			children = (
				1830DF0820961C1600CEDB62 /* View Pager */,
				1830DF0720961C1600CEDB62 /* Products */,
				2F79B7483620373C22FC538E /* Pods */,
				B4C426DC794A95CA819A9665 /* Frameworks */,
			);
			sourceTree = "<group>";
		};
		1830DF0720961C1600CEDB62 /* Products */ = {
			isa = PBXGroup;
			children = (
				1830DF0620961C1600CEDB62 /* View Pager.app */,
			);
			name = Products;
			sourceTree = "<group>";
		};
		1830DF0820961C1600CEDB62 /* View Pager */ = {
			isa = PBXGroup;
			children = (
				1830DF0920961C1600CEDB62 /* AppDelegate.swift */,
				1830DF0B20961C1600CEDB62 /* ViewController.swift */,
				1830DF0D20961C1600CEDB62 /* Main.storyboard */,
				1830DF1020961C1600CEDB62 /* Assets.xcassets */,
				1830DF1220961C1600CEDB62 /* LaunchScreen.storyboard */,
				1830DF1520961C1600CEDB62 /* Info.plist */,
				1830DF1B209627C900CEDB62 /* ProductsScreen.swift */,
				1830DF212096294300CEDB62 /* ProductsTable.swift */,
				1830DF232096295C00CEDB62 /* ProductCell.swift */,
				1830DF2520965BBF00CEDB62 /* AboutUsScreen.swift */,
			);
			path = "View Pager";
			sourceTree = "<group>";
		};
		2F79B7483620373C22FC538E /* Pods */ = {
			isa = PBXGroup;
			children = (
				74ADA60B0B2C45BA4BE28351 /* Pods-View Pager.debug.xcconfig */,
				BD2FEF989ACCA895F406FA8B /* Pods-View Pager.release.xcconfig */,
			);
			name = Pods;
			sourceTree = "<group>";
		};
		B4C426DC794A95CA819A9665 /* Frameworks */ = {
			isa = PBXGroup;
			children = (
				FB7DBA454AD1B6B67550003D /* Pods_View_Pager.framework */,
			);
			name = Frameworks;
			sourceTree = "<group>";
		};
/* End PBXGroup section */

/* Begin PBXNativeTarget section */
		1830DF0520961C1600CEDB62 /* View Pager */ = {
			isa = PBXNativeTarget;
			buildConfigurationList = 1830DF1820961C1600CEDB62 /* Build configuration list for PBXNativeTarget "View Pager" */;
			buildPhases = (
				D214E5015F9617B2FC8CFE40 /* [CP] Check Pods Manifest.lock */,
				1830DF0220961C1600CEDB62 /* Sources */,
				1830DF0320961C1600CEDB62 /* Frameworks */,
				1830DF0420961C1600CEDB62 /* Resources */,
				D0C58E5AC286F4040B20B070 /* [CP] Embed Pods Frameworks */,
				93DDB61E71ECCC0350931D4B /* [CP] Copy Pods Resources */,
			);
			buildRules = (
			);
			dependencies = (
			);
			name = "View Pager";
			productName = "View Pager";
			productReference = 1830DF0620961C1600CEDB62 /* View Pager.app */;
			productType = "com.apple.product-type.application";
		};
/* End PBXNativeTarget section */

/* Begin PBXProject section */
		1830DEFE20961C1600CEDB62 /* Project object */ = {
			isa = PBXProject;
			attributes = {
				LastSwiftUpdateCheck = 0920;
				LastUpgradeCheck = 0920;
				ORGANIZATIONNAME = apple;
				TargetAttributes = {
					1830DF0520961C1600CEDB62 = {
						CreatedOnToolsVersion = 9.2;
						ProvisioningStyle = Automatic;
					};
				};
			};
			buildConfigurationList = 1830DF0120961C1600CEDB62 /* Build configuration list for PBXProject "View Pager" */;
			compatibilityVersion = "Xcode 8.0";
			developmentRegion = en;
			hasScannedForEncodings = 0;
			knownRegions = (
				en,
				Base,
			);
			mainGroup = 1830DEFD20961C1600CEDB62;
			productRefGroup = 1830DF0720961C1600CEDB62 /* Products */;
			projectDirPath = "";
			projectRoot = "";
			targets = (
				1830DF0520961C1600CEDB62 /* View Pager */,
			);
		};
/* End PBXProject section */

/* Begin PBXResourcesBuildPhase section */
		1830DF0420961C1600CEDB62 /* Resources */ = {
			isa = PBXResourcesBuildPhase;
			buildActionMask = 2147483647;
			files = (
				1830DF1420961C1600CEDB62 /* LaunchScreen.storyboard in Resources */,
				1830DF1120961C1600CEDB62 /* Assets.xcassets in Resources */,
				1830DF0F20961C1600CEDB62 /* Main.storyboard in Resources */,
			);
			runOnlyForDeploymentPostprocessing = 0;
		};
/* End PBXResourcesBuildPhase section */

/* Begin PBXShellScriptBuildPhase section */
		93DDB61E71ECCC0350931D4B /* [CP] Copy Pods Resources */ = {
			isa = PBXShellScriptBuildPhase;
			buildActionMask = 2147483647;
			files = (
			);
			inputPaths = (
			);
			name = "[CP] Copy Pods Resources";
			outputPaths = (
			);
			runOnlyForDeploymentPostprocessing = 0;
			shellPath = /bin/sh;
			shellScript = "\"${SRCROOT}/Pods/Target Support Files/Pods-View Pager/Pods-View Pager-resources.sh\"\n";
			showEnvVarsInLog = 0;
		};
		D0C58E5AC286F4040B20B070 /* [CP] Embed Pods Frameworks */ = {
			isa = PBXShellScriptBuildPhase;
			buildActionMask = 2147483647;
			files = (
			);
			inputPaths = (
				"${SRCROOT}/Pods/Target Support Files/Pods-View Pager/Pods-View Pager-frameworks.sh",
				"${BUILT_PRODUCTS_DIR}/CarbonKit/CarbonKit.framework",
			);
			name = "[CP] Embed Pods Frameworks";
			outputPaths = (
				"${TARGET_BUILD_DIR}/${FRAMEWORKS_FOLDER_PATH}/CarbonKit.framework",
			);
			runOnlyForDeploymentPostprocessing = 0;
			shellPath = /bin/sh;
			shellScript = "\"${SRCROOT}/Pods/Target Support Files/Pods-View Pager/Pods-View Pager-frameworks.sh\"\n";
			showEnvVarsInLog = 0;
		};
		D214E5015F9617B2FC8CFE40 /* [CP] Check Pods Manifest.lock */ = {
			isa = PBXShellScriptBuildPhase;
			buildActionMask = 2147483647;
			files = (
			);
			inputPaths = (
				"${PODS_PODFILE_DIR_PATH}/Podfile.lock",
				"${PODS_ROOT}/Manifest.lock",
			);
			name = "[CP] Check Pods Manifest.lock";
			outputPaths = (
				"$(DERIVED_FILE_DIR)/Pods-View Pager-checkManifestLockResult.txt",
			);
			runOnlyForDeploymentPostprocessing = 0;
			shellPath = /bin/sh;
			shellScript = "diff \"${PODS_PODFILE_DIR_PATH}/Podfile.lock\" \"${PODS_ROOT}/Manifest.lock\" > /dev/null\nif [ $? != 0 ] ; then\n    # print error to STDERR\n    echo \"error: The sandbox is not in sync with the Podfile.lock. Run 'pod install' or update your CocoaPods installation.\" >&2\n    exit 1\nfi\n# This output is used by Xcode 'outputs' to avoid re-running this script phase.\necho \"SUCCESS\" > \"${SCRIPT_OUTPUT_FILE_0}\"\n";
			showEnvVarsInLog = 0;
		};
/* End PBXShellScriptBuildPhase section */

/* Begin PBXSourcesBuildPhase section */
		1830DF0220961C1600CEDB62 /* Sources */ = {
			isa = PBXSourcesBuildPhase;
			buildActionMask = 2147483647;
			files = (
				1830DF1C209627C900CEDB62 /* ProductsScreen.swift in Sources */,
				1830DF2620965BBF00CEDB62 /* AboutUsScreen.swift in Sources */,
				1830DF0C20961C1600CEDB62 /* ViewController.swift in Sources */,
				1830DF242096295C00CEDB62 /* ProductCell.swift in Sources */,
				1830DF222096294300CEDB62 /* ProductsTable.swift in Sources */,
				1830DF0A20961C1600CEDB62 /* AppDelegate.swift in Sources */,
			);
			runOnlyForDeploymentPostprocessing = 0;
		};
/* End PBXSourcesBuildPhase section */

/* Begin PBXVariantGroup section */
		1830DF0D20961C1600CEDB62 /* Main.storyboard */ = {
			isa = PBXVariantGroup;
			children = (
				1830DF0E20961C1600CEDB62 /* Base */,
			);
			name = Main.storyboard;
			sourceTree = "<group>";
		};
		1830DF1220961C1600CEDB62 /* LaunchScreen.storyboard */ = {
			isa = PBXVariantGroup;
			children = (
				1830DF1320961C1600CEDB62 /* Base */,
			);
			name = LaunchScreen.storyboard;
			sourceTree = "<group>";
		};
/* End PBXVariantGroup section */

/* Begin XCBuildConfiguration section */
		1830DF1620961C1600CEDB62 /* Debug */ = {
			isa = XCBuildConfiguration;
			buildSettings = {
				ALWAYS_SEARCH_USER_PATHS = NO;
				CLANG_ANALYZER_NONNULL = YES;
				CLANG_ANALYZER_NUMBER_OBJECT_CONVERSION = YES_AGGRESSIVE;
				CLANG_CXX_LANGUAGE_STANDARD = "gnu++14";
				CLANG_CXX_LIBRARY = "libc++";
				CLANG_ENABLE_MODULES = YES;
				CLANG_ENABLE_OBJC_ARC = YES;
				CLANG_WARN_BLOCK_CAPTURE_AUTORELEASING = YES;
				CLANG_WARN_BOOL_CONVERSION = YES;
				CLANG_WARN_COMMA = YES;
				CLANG_WARN_CONSTANT_CONVERSION = YES;
				CLANG_WARN_DIRECT_OBJC_ISA_USAGE = YES_ERROR;
				CLANG_WARN_DOCUMENTATION_COMMENTS = YES;
				CLANG_WARN_EMPTY_BODY = YES;
				CLANG_WARN_ENUM_CONVERSION = YES;
				CLANG_WARN_INFINITE_RECURSION = YES;
				CLANG_WARN_INT_CONVERSION = YES;
				CLANG_WARN_NON_LITERAL_NULL_CONVERSION = YES;
				CLANG_WARN_OBJC_LITERAL_CONVERSION = YES;
				CLANG_WARN_OBJC_ROOT_CLASS = YES_ERROR;
				CLANG_WARN_RANGE_LOOP_ANALYSIS = YES;
				CLANG_WARN_STRICT_PROTOTYPES = YES;
				CLANG_WARN_SUSPICIOUS_MOVE = YES;
				CLANG_WARN_UNGUARDED_AVAILABILITY = YES_AGGRESSIVE;
				CLANG_WARN_UNREACHABLE_CODE = YES;
				CLANG_WARN__DUPLICATE_METHOD_MATCH = YES;
				CODE_SIGN_IDENTITY = "iPhone Developer";
				COPY_PHASE_STRIP = NO;
				DEBUG_INFORMATION_FORMAT = dwarf;
				ENABLE_STRICT_OBJC_MSGSEND = YES;
				ENABLE_TESTABILITY = YES;
				GCC_C_LANGUAGE_STANDARD = gnu11;
				GCC_DYNAMIC_NO_PIC = NO;
				GCC_NO_COMMON_BLOCKS = YES;
				GCC_OPTIMIZATION_LEVEL = 0;
				GCC_PREPROCESSOR_DEFINITIONS = (
					"DEBUG=1",
					"$(inherited)",
				);
				GCC_WARN_64_TO_32_BIT_CONVERSION = YES;
				GCC_WARN_ABOUT_RETURN_TYPE = YES_ERROR;
				GCC_WARN_UNDECLARED_SELECTOR = YES;
				GCC_WARN_UNINITIALIZED_AUTOS = YES_AGGRESSIVE;
				GCC_WARN_UNUSED_FUNCTION = YES;
				GCC_WARN_UNUSED_VARIABLE = YES;
				IPHONEOS_DEPLOYMENT_TARGET = 11.2;
				MTL_ENABLE_DEBUG_INFO = YES;
				ONLY_ACTIVE_ARCH = YES;
				SDKROOT = iphoneos;
				SWIFT_ACTIVE_COMPILATION_CONDITIONS = DEBUG;
				SWIFT_OPTIMIZATION_LEVEL = "-Onone";
			};
			name = Debug;
		};
		1830DF1720961C1600CEDB62 /* Release */ = {
			isa = XCBuildConfiguration;
			buildSettings = {
				ALWAYS_SEARCH_USER_PATHS = NO;
				CLANG_ANALYZER_NONNULL = YES;
				CLANG_ANALYZER_NUMBER_OBJECT_CONVERSION = YES_AGGRESSIVE;
				CLANG_CXX_LANGUAGE_STANDARD = "gnu++14";
				CLANG_CXX_LIBRARY = "libc++";
				CLANG_ENABLE_MODULES = YES;
				CLANG_ENABLE_OBJC_ARC = YES;
				CLANG_WARN_BLOCK_CAPTURE_AUTORELEASING = YES;
				CLANG_WARN_BOOL_CONVERSION = YES;
				CLANG_WARN_COMMA = YES;
				CLANG_WARN_CONSTANT_CONVERSION = YES;
				CLANG_WARN_DIRECT_OBJC_ISA_USAGE = YES_ERROR;
				CLANG_WARN_DOCUMENTATION_COMMENTS = YES;
				CLANG_WARN_EMPTY_BODY = YES;
				CLANG_WARN_ENUM_CONVERSION = YES;
				CLANG_WARN_INFINITE_RECURSION = YES;
				CLANG_WARN_INT_CONVERSION = YES;
				CLANG_WARN_NON_LITERAL_NULL_CONVERSION = YES;
				CLANG_WARN_OBJC_LITERAL_CONVERSION = YES;
				CLANG_WARN_OBJC_ROOT_CLASS = YES_ERROR;
				CLANG_WARN_RANGE_LOOP_ANALYSIS = YES;
				CLANG_WARN_STRICT_PROTOTYPES = YES;
				CLANG_WARN_SUSPICIOUS_MOVE = YES;
				CLANG_WARN_UNGUARDED_AVAILABILITY = YES_AGGRESSIVE;
				CLANG_WARN_UNREACHABLE_CODE = YES;
				CLANG_WARN__DUPLICATE_METHOD_MATCH = YES;
				CODE_SIGN_IDENTITY = "iPhone Developer";
				COPY_PHASE_STRIP = NO;
				DEBUG_INFORMATION_FORMAT = "dwarf-with-dsym";
				ENABLE_NS_ASSERTIONS = NO;
				ENABLE_STRICT_OBJC_MSGSEND = YES;
				GCC_C_LANGUAGE_STANDARD = gnu11;
				GCC_NO_COMMON_BLOCKS = YES;
				GCC_WARN_64_TO_32_BIT_CONVERSION = YES;
				GCC_WARN_ABOUT_RETURN_TYPE = YES_ERROR;
				GCC_WARN_UNDECLARED_SELECTOR = YES;
				GCC_WARN_UNINITIALIZED_AUTOS = YES_AGGRESSIVE;
				GCC_WARN_UNUSED_FUNCTION = YES;
				GCC_WARN_UNUSED_VARIABLE = YES;
				IPHONEOS_DEPLOYMENT_TARGET = 11.2;
				MTL_ENABLE_DEBUG_INFO = NO;
				SDKROOT = iphoneos;
				SWIFT_OPTIMIZATION_LEVEL = "-Owholemodule";
				VALIDATE_PRODUCT = YES;
			};
			name = Release;
		};
		1830DF1920961C1600CEDB62 /* Debug */ = {
			isa = XCBuildConfiguration;
			baseConfigurationReference = 74ADA60B0B2C45BA4BE28351 /* Pods-View Pager.debug.xcconfig */;
			buildSettings = {
				ASSETCATALOG_COMPILER_APPICON_NAME = AppIcon;
				CODE_SIGN_STYLE = Automatic;
				INFOPLIST_FILE = "View Pager/Info.plist";
				LD_RUNPATH_SEARCH_PATHS = "$(inherited) @executable_path/Frameworks";
				PRODUCT_BUNDLE_IDENTIFIER = "sample.View-Pager";
				PRODUCT_NAME = "$(TARGET_NAME)";
				SWIFT_VERSION = 4.0;
				TARGETED_DEVICE_FAMILY = "1,2";
			};
			name = Debug;
		};
		1830DF1A20961C1600CEDB62 /* Release */ = {
			isa = XCBuildConfiguration;
			baseConfigurationReference = BD2FEF989ACCA895F406FA8B /* Pods-View Pager.release.xcconfig */;
			buildSettings = {
				ASSETCATALOG_COMPILER_APPICON_NAME = AppIcon;
				CODE_SIGN_STYLE = Automatic;
				INFOPLIST_FILE = "View Pager/Info.plist";
				LD_RUNPATH_SEARCH_PATHS = "$(inherited) @executable_path/Frameworks";
				PRODUCT_BUNDLE_IDENTIFIER = "sample.View-Pager";
				PRODUCT_NAME = "$(TARGET_NAME)";
				SWIFT_VERSION = 4.0;
				TARGETED_DEVICE_FAMILY = "1,2";
			};
			name = Release;
		};
/* End XCBuildConfiguration section */

/* Begin XCConfigurationList section */
		1830DF0120961C1600CEDB62 /* Build configuration list for PBXProject "View Pager" */ = {
			isa = XCConfigurationList;
			buildConfigurations = (
				1830DF1620961C1600CEDB62 /* Debug */,
				1830DF1720961C1600CEDB62 /* Release */,
			);
			defaultConfigurationIsVisible = 0;
			defaultConfigurationName = Release;
		};
		1830DF1820961C1600CEDB62 /* Build configuration list for PBXNativeTarget "View Pager" */ = {
			isa = XCConfigurationList;
			buildConfigurations = (
				1830DF1920961C1600CEDB62 /* Debug */,
				1830DF1A20961C1600CEDB62 /* Release */,
			);
			defaultConfigurationIsVisible = 0;
			defaultConfigurationName = Release;
		};
/* End XCConfigurationList section */
	};
	rootObject = 1830DEFE20961C1600CEDB62 /* Project object */;
}
